Microsoft Visual Studio Solution File, Format Version 10.00
# Visual C++ Express 2008
Project("{8BC9CEB8-8B4A-11D0-8D11-00A0C91BC942}") = "Mahjongg", "Mahjongg\Mahjongg.vcproj", "{6C62C0B6-CCEE-4E14-99B3-58A33778A6B7}"
	ProjectSection(ProjectDependencies) = postProject
		{DF4085F4-225D-4D86-B659-3D15CEB48680} = {DF4085F4-225D-4D86-B659-3D15CEB48680}
	EndProjectSection
EndProject
Project("{8BC9CEB8-8B4A-11D0-8D11-00A0C91BC942}") = "zlib", "zlib\zlib.vcproj", "{DF4085F4-225D-4D86-B659-3D15CEB48680}"
EndProject
Global
	GlobalSection(SolutionConfigurationPlatforms) = preSolution
		Debug|Win32 = Debug|Win32
		Release|Win32 = Release|Win32
	EndGlobalSection
	GlobalSection(ProjectConfigurationPlatforms) = postSolution
		{6C62C0B6-CCEE-4E14-99B3-58A33778A6B7}.Debug|Win32.ActiveCfg = Debug|Win32
		{6C62C0B6-CCEE-4E14-99B3-58A33778A6B7}.Debug|Win32.Build.0 = Debug|Win32
		{6C62C0B6-CCEE-4E14-99B3-58A33778A6B7}.Release|Win32.ActiveCfg = Release|Win32
		{6C62C0B6-CCEE-4E14-99B3-58A33778A6B7}.Release|Win32.Build.0 = Release|Win32
		{DF4085F4-225D-4D86-B659-3D15CEB48680}.Debug|Win32.ActiveCfg = Debug|Win32
		{DF4085F4-225D-4D86-B659-3D15CEB48680}.Debug|Win32.Build.0 = Debug|Win32
		{DF4085F4-225D-4D86-B659-3D15CEB48680}.Release|Win32.ActiveCfg = Release|Win32
		{DF4085F4-225D-4D86-B659-3D15CEB48680}.Release|Win32.Build.0 = Release|Win32
	EndGlobalSection
	GlobalSection(SolutionProperties) = preSolution
		HideSolutionNode = FALSE
	EndGlobalSection
EndGlobal
